
Microsoft Visual Studio Solution File, Format Version 12.00
# Visual Studio Version 17
VisualStudioVersion = 17.10.35027.167
MinimumVisualStudioVersion = 10.0.40219.1
Project("{2150E333-8FDC-42A3-9474-1A3956D46DE8}") = "Common", "Common", "{5A51657F-207A-4697-B1DB-CD21CF392E6F}"
	ProjectSection(SolutionItems) = preProject
		README.md = README.md
		Utis.SmartMinex.3.0.csproj = Utis.SmartMinex.3.0.csproj
	EndProjectSection
EndProject
Project("{2150E333-8FDC-42A3-9474-1A3956D46DE8}") = "Server", "Server", "{743A532A-4A83-40EC-964B-2D39DBA0B7F3}"
EndProject
Project("{9A19103F-16F7-4668-BE54-9A1E7A4F7556}") = "Utis.SmartMinex.Server", "Server\Utis.SmartMinex.Server\Utis.SmartMinex.Server.csproj", "{BED32092-E1D5-4C94-8B16-086F5469FF37}"
	ProjectSection(ProjectDependencies) = postProject
		{0CF596B7-5451-45E9-923C-DC0648D57E29} = {0CF596B7-5451-45E9-923C-DC0648D57E29}
		{399444EF-CFE5-4B44-8036-E9A194F64875} = {399444EF-CFE5-4B44-8036-E9A194F64875}
		{4210C976-FF7F-4E28-98B9-997C33C9857B} = {4210C976-FF7F-4E28-98B9-997C33C9857B}
		{6D855748-2013-4D99-9729-2B4DFA642D60} = {6D855748-2013-4D99-9729-2B4DFA642D60}
		{8C529C55-1A70-456A-A732-D55CCA6EAFED} = {8C529C55-1A70-456A-A732-D55CCA6EAFED}
		{94BC0BFC-76AA-46FF-BE27-EB7ABB342280} = {94BC0BFC-76AA-46FF-BE27-EB7ABB342280}
		{971B073A-FC3B-4EAB-B92C-C53DDAC5A4A4} = {971B073A-FC3B-4EAB-B92C-C53DDAC5A4A4}
		{BDA32CD3-E146-430C-A040-AB66CD8F5B48} = {BDA32CD3-E146-430C-A040-AB66CD8F5B48}
		{C15DCFD4-3C46-4B5A-98D9-4B694919800F} = {C15DCFD4-3C46-4B5A-98D9-4B694919800F}
		{C7A6B257-750E-43FC-B66D-F40F47F92E36} = {C7A6B257-750E-43FC-B66D-F40F47F92E36}
		{D42C773B-47F0-4F6A-9DA3-9A50A96C8EA9} = {D42C773B-47F0-4F6A-9DA3-9A50A96C8EA9}
	EndProjectSection
EndProject
Project("{9A19103F-16F7-4668-BE54-9A1E7A4F7556}") = "Utis.SmartMinex.Core", "Server\Utis.SmartMinex.Core\Utis.SmartMinex.Core.csproj", "{9CDC95A2-762C-4E17-BB50-D58FC974CB83}"
EndProject
Project("{9A19103F-16F7-4668-BE54-9A1E7A4F7556}") = "Utis.SmartMinex.Runtime", "Server\Utis.SmartMinex.Runtime\Utis.SmartMinex.Runtime.csproj", "{97A8D739-2D3A-4894-A131-5A895FC98931}"
EndProject
Project("{2150E333-8FDC-42A3-9474-1A3956D46DE8}") = "Modules", "Modules", "{EF774DC4-BAD0-4F87-8D9D-E69EA0BA4CC7}"
EndProject
Project("{9A19103F-16F7-4668-BE54-9A1E7A4F7556}") = "Utis.SmartMinex.Data", "Modules\Utis.SmartMinex.Data\Utis.SmartMinex.Data.csproj", "{85DBB70C-3660-4147-AF22-83D2AFA1EFD6}"
EndProject
Project("{2150E333-8FDC-42A3-9474-1A3956D46DE8}") = "Tests", "Tests", "{01D8362E-3854-4C96-8FE7-A71EA1C003EF}"
EndProject
Project("{2150E333-8FDC-42A3-9474-1A3956D46DE8}") = "Tools", "Tools", "{386B792A-6B86-4455-8854-93602E7B740E}"
EndProject
Project("{9A19103F-16F7-4668-BE54-9A1E7A4F7556}") = "Utis.SmartMinex.Test", "Tests\Utis.SmartMinex.Test\Utis.SmartMinex.Test.csproj", "{94BC0BFC-76AA-46FF-BE27-EB7ABB342280}"
EndProject
Project("{2150E333-8FDC-42A3-9474-1A3956D46DE8}") = "Database", "Database", "{338C6C5F-4AE9-41FF-A6D6-7778FBB1E3DB}"
EndProject
Project("{9A19103F-16F7-4668-BE54-9A1E7A4F7556}") = "UtisPack", "Tools\UtisPack\UtisPack.csproj", "{7E970569-125A-47B2-A2CE-F813AA8A4935}"
EndProject
Project("{9A19103F-16F7-4668-BE54-9A1E7A4F7556}") = "Utis.SmartMinex.FactorySuite", "Server\Utis.SmartMinex.FactorySuite\Utis.SmartMinex.FactorySuite.csproj", "{B5A0F954-13A6-4276-826B-D6B1E4FD28A8}"
EndProject
Project("{9A19103F-16F7-4668-BE54-9A1E7A4F7556}") = "Utis.SmartMinex.PostgreSql", "Server\Utis.SmartMinex.PostgreSql\Utis.SmartMinex.PostgreSql.csproj", "{1AAC42EB-E284-436E-9B6A-82D771D5436A}"
EndProject
Project("{9A19103F-16F7-4668-BE54-9A1E7A4F7556}") = "Utis.SmartMinex.MsSql", "Server\Utis.SmartMinex.MsSql\Utis.SmartMinex.MsSql.csproj", "{3273CC47-C37C-493F-8443-2A7247B501DF}"
EndProject
Project("{9A19103F-16F7-4668-BE54-9A1E7A4F7556}") = "Utis.SmartMinex.FirebirdSql", "Server\Utis.SmartMinex.FirebirdSql\Utis.SmartMinex.FirebirdSql.csproj", "{0FCA9A85-4757-4110-A294-84EF5C84BFBA}"
EndProject
Project("{9A19103F-16F7-4668-BE54-9A1E7A4F7556}") = "Utis.SmartMinex.Metadata", "Server\Utis.SmartMinex.Metadata\Utis.SmartMinex.Metadata.csproj", "{C15DCFD4-3C46-4B5A-98D9-4B694919800F}"
EndProject
Project("{9A19103F-16F7-4668-BE54-9A1E7A4F7556}") = "Utis.SmartMinex.Configuration", "Server\Utis.SmartMinex.Configuration\Utis.SmartMinex.Configuration.csproj", "{D42C773B-47F0-4F6A-9DA3-9A50A96C8EA9}"
EndProject
Project("{9A19103F-16F7-4668-BE54-9A1E7A4F7556}") = "Utis.SmartMinex.DAS", "Modules\Utis.SmartMinex.DAS\Utis.SmartMinex.DAS.csproj", "{971B073A-FC3B-4EAB-B92C-C53DDAC5A4A4}"
EndProject
Project("{9A19103F-16F7-4668-BE54-9A1E7A4F7556}") = "Utis.SmartMinex.Historian", "Modules\Utis.SmartMinex.Historian\Utis.SmartMinex.Historian.csproj", "{6D855748-2013-4D99-9729-2B4DFA642D60}"
EndProject
Project("{9A19103F-16F7-4668-BE54-9A1E7A4F7556}") = "Utis.SmartMinex.Rtls", "Modules\Utis.SmartMinex.Rtls\Utis.SmartMinex.Rtls.csproj", "{399444EF-CFE5-4B44-8036-E9A194F64875}"
EndProject
Project("{9A19103F-16F7-4668-BE54-9A1E7A4F7556}") = "Utis.SmartMinex.Maintenance", "Modules\Utis.SmartMinex.Maintenance\Utis.SmartMinex.Maintenance.csproj", "{0CF596B7-5451-45E9-923C-DC0648D57E29}"
EndProject
Project("{9A19103F-16F7-4668-BE54-9A1E7A4F7556}") = "Utis.SmartMinex.DataAccess", "Modules\Utis.SmartMinex.DataAccess\Utis.SmartMinex.DataAccess.csproj", "{C7A6B257-750E-43FC-B66D-F40F47F92E36}"
EndProject
Project("{2150E333-8FDC-42A3-9474-1A3956D46DE8}") = "Models", "Models", "{FE3118A3-FE22-403B-8082-39F761BD646C}"
EndProject
Project("{9A19103F-16F7-4668-BE54-9A1E7A4F7556}") = "Utis.Minex.ProductionModel", "Modules\Utis.Minex.ProductionModel\Utis.Minex.ProductionModel.csproj", "{BDA32CD3-E146-430C-A040-AB66CD8F5B48}"
EndProject
Project("{9A19103F-16F7-4668-BE54-9A1E7A4F7556}") = "Utis.Minex.Common", "Modules\Utis.Minex.Common\Utis.Minex.Common.csproj", "{8C529C55-1A70-456A-A732-D55CCA6EAFED}"
EndProject
Project("{9A19103F-16F7-4668-BE54-9A1E7A4F7556}") = "Utis.SmartMinex.Devices", "Modules\Utis.SmartMinex.Devices\Utis.SmartMinex.Devices.csproj", "{E469B747-7328-49C5-9669-DAB0894BE22B}"
EndProject
Project("{2150E333-8FDC-42A3-9474-1A3956D46DE8}") = "Common", "Common", "{6BBEFF37-54A9-412D-88EA-6F046779687B}"
EndProject
Project("{9A19103F-16F7-4668-BE54-9A1E7A4F7556}") = "Utis.SmartMinex.Http", "Modules\Utis.SmartMinex.Http\Utis.SmartMinex.Http.csproj", "{58FBEF0D-1376-4891-9314-A0ED531EA2A3}"
EndProject
Project("{9A19103F-16F7-4668-BE54-9A1E7A4F7556}") = "Utis.SmartMinex.Archestra", "Server\Utis.SmartMinex.Archestra\Utis.SmartMinex.Archestra.csproj", "{4210C976-FF7F-4E28-98B9-997C33C9857B}"
EndProject
Project("{9A19103F-16F7-4668-BE54-9A1E7A4F7556}") = "Utis.SmartMinex.Workflow", "Modules\Utis.SmartMinex.Workflow\Utis.SmartMinex.Workflow.csproj", "{EA1EB815-10E7-469E-AB03-7C0A6A52FE72}"
EndProject
Project("{9A19103F-16F7-4668-BE54-9A1E7A4F7556}") = "Utis.SmartMinex.Windows.Shell", "Modules\Utis.SmartMinex.Windows.Shell\Utis.SmartMinex.Windows.Shell.csproj", "{6465D961-C3B1-43BD-A1FF-701E6C7050A0}"
EndProject
Project("{2150E333-8FDC-42A3-9474-1A3956D46DE8}") = "Client", "Client", "{E48365BE-709F-435A-8C29-B34920C14AFC}"
EndProject
Project("{9A19103F-16F7-4668-BE54-9A1E7A4F7556}") = "Utis.SmartMinex.Client", "Client\Utis.SmartMinex.Client\Utis.SmartMinex.Client.csproj", "{754CD505-75F3-4598-A730-19FDCE05C5A7}"
EndProject
Project("{9A19103F-16F7-4668-BE54-9A1E7A4F7556}") = "Utis.SmartMinex.Web", "Client\Utis.SmartMinex.Web\Utis.SmartMinex.Web.csproj", "{4CD53EC2-F39E-45DC-8AD9-34C2BE1AE5AD}"
EndProject
Project("{9A19103F-16F7-4668-BE54-9A1E7A4F7556}") = "Utis.SmartMinex.Dispatcher", "Client\Utis.SmartMinex.Dispatcher\Utis.SmartMinex.Dispatcher.csproj", "{65AA4BEB-9679-4EBC-A727-688CF4623E6B}"
EndProject
Project("{9A19103F-16F7-4668-BE54-9A1E7A4F7556}") = "VisiTool", "Tools\VisiTool\VisiTool.csproj", "{F76FEE52-36F3-416E-A5B8-09146922148B}"
EndProject
Project("{9A19103F-16F7-4668-BE54-9A1E7A4F7556}") = "Utis.Spgt.ProductionModel", "Modules\Utis.Spgt.ProductionModel\Utis.Spgt.ProductionModel.csproj", "{3BCD6464-4CE1-47E1-8BA2-89C9BF7E1141}"
EndProject
Project("{9A19103F-16F7-4668-BE54-9A1E7A4F7556}") = "Utis.SmartMinex.Lantern", "Client\Utis.SmartMinex.Lantern\Utis.SmartMinex.Lantern.csproj", "{1B574943-230B-4116-878F-ACA4FF2FABA5}"
EndProject
Project("{9A19103F-16F7-4668-BE54-9A1E7A4F7556}") = "Utis.SmartMinex.Integration", "Modules\Utis.SmartMinex.Integration\Utis.SmartMinex.Integration.csproj", "{760FB75F-5AC1-449B-A519-75F1F1574C92}"
EndProject
Project("{9A19103F-16F7-4668-BE54-9A1E7A4F7556}") = "Utis.SmartMinex.Graphics", "Modules\Utis.SmartMinex.Graphics\Utis.SmartMinex.Graphics.csproj", "{AB07006F-74D6-4D84-B871-4961BC4171D1}"
EndProject
Global
	GlobalSection(SolutionConfigurationPlatforms) = preSolution
		Debug|Any CPU = Debug|Any CPU
		Release|Any CPU = Release|Any CPU
	EndGlobalSection
	GlobalSection(ProjectConfigurationPlatforms) = postSolution
		{BED32092-E1D5-4C94-8B16-086F5469FF37}.Debug|Any CPU.ActiveCfg = Debug|Any CPU
		{BED32092-E1D5-4C94-8B16-086F5469FF37}.Debug|Any CPU.Build.0 = Debug|Any CPU
		{BED32092-E1D5-4C94-8B16-086F5469FF37}.Release|Any CPU.ActiveCfg = Release|Any CPU
		{BED32092-E1D5-4C94-8B16-086F5469FF37}.Release|Any CPU.Build.0 = Release|Any CPU
		{9CDC95A2-762C-4E17-BB50-D58FC974CB83}.Debug|Any CPU.ActiveCfg = Debug|Any CPU
		{9CDC95A2-762C-4E17-BB50-D58FC974CB83}.Debug|Any CPU.Build.0 = Debug|Any CPU
		{9CDC95A2-762C-4E17-BB50-D58FC974CB83}.Release|Any CPU.ActiveCfg = Release|Any CPU
		{9CDC95A2-762C-4E17-BB50-D58FC974CB83}.Release|Any CPU.Build.0 = Release|Any CPU
		{97A8D739-2D3A-4894-A131-5A895FC98931}.Debug|Any CPU.ActiveCfg = Debug|Any CPU
		{97A8D739-2D3A-4894-A131-5A895FC98931}.Debug|Any CPU.Build.0 = Debug|Any CPU
		{97A8D739-2D3A-4894-A131-5A895FC98931}.Release|Any CPU.ActiveCfg = Release|Any CPU
		{97A8D739-2D3A-4894-A131-5A895FC98931}.Release|Any CPU.Build.0 = Release|Any CPU
		{85DBB70C-3660-4147-AF22-83D2AFA1EFD6}.Debug|Any CPU.ActiveCfg = Debug|Any CPU
		{85DBB70C-3660-4147-AF22-83D2AFA1EFD6}.Debug|Any CPU.Build.0 = Debug|Any CPU
		{85DBB70C-3660-4147-AF22-83D2AFA1EFD6}.Release|Any CPU.ActiveCfg = Release|Any CPU
		{85DBB70C-3660-4147-AF22-83D2AFA1EFD6}.Release|Any CPU.Build.0 = Release|Any CPU
		{94BC0BFC-76AA-46FF-BE27-EB7ABB342280}.Debug|Any CPU.ActiveCfg = Debug|Any CPU
		{94BC0BFC-76AA-46FF-BE27-EB7ABB342280}.Debug|Any CPU.Build.0 = Debug|Any CPU
		{94BC0BFC-76AA-46FF-BE27-EB7ABB342280}.Release|Any CPU.ActiveCfg = Release|Any CPU
		{94BC0BFC-76AA-46FF-BE27-EB7ABB342280}.Release|Any CPU.Build.0 = Release|Any CPU
		{7E970569-125A-47B2-A2CE-F813AA8A4935}.Debug|Any CPU.ActiveCfg = Debug|Any CPU
		{7E970569-125A-47B2-A2CE-F813AA8A4935}.Debug|Any CPU.Build.0 = Debug|Any CPU
		{7E970569-125A-47B2-A2CE-F813AA8A4935}.Release|Any CPU.ActiveCfg = Release|Any CPU
		{7E970569-125A-47B2-A2CE-F813AA8A4935}.Release|Any CPU.Build.0 = Release|Any CPU
		{B5A0F954-13A6-4276-826B-D6B1E4FD28A8}.Debug|Any CPU.ActiveCfg = Debug|Any CPU
		{B5A0F954-13A6-4276-826B-D6B1E4FD28A8}.Debug|Any CPU.Build.0 = Debug|Any CPU
		{B5A0F954-13A6-4276-826B-D6B1E4FD28A8}.Release|Any CPU.ActiveCfg = Release|Any CPU
		{B5A0F954-13A6-4276-826B-D6B1E4FD28A8}.Release|Any CPU.Build.0 = Release|Any CPU
		{1AAC42EB-E284-436E-9B6A-82D771D5436A}.Debug|Any CPU.ActiveCfg = Debug|Any CPU
		{1AAC42EB-E284-436E-9B6A-82D771D5436A}.Debug|Any CPU.Build.0 = Debug|Any CPU
		{1AAC42EB-E284-436E-9B6A-82D771D5436A}.Release|Any CPU.ActiveCfg = Release|Any CPU
		{1AAC42EB-E284-436E-9B6A-82D771D5436A}.Release|Any CPU.Build.0 = Release|Any CPU
		{3273CC47-C37C-493F-8443-2A7247B501DF}.Debug|Any CPU.ActiveCfg = Debug|Any CPU
		{3273CC47-C37C-493F-8443-2A7247B501DF}.Debug|Any CPU.Build.0 = Debug|Any CPU
		{3273CC47-C37C-493F-8443-2A7247B501DF}.Release|Any CPU.ActiveCfg = Release|Any CPU
		{3273CC47-C37C-493F-8443-2A7247B501DF}.Release|Any CPU.Build.0 = Release|Any CPU
		{0FCA9A85-4757-4110-A294-84EF5C84BFBA}.Debug|Any CPU.ActiveCfg = Debug|Any CPU
		{0FCA9A85-4757-4110-A294-84EF5C84BFBA}.Debug|Any CPU.Build.0 = Debug|Any CPU
		{0FCA9A85-4757-4110-A294-84EF5C84BFBA}.Release|Any CPU.ActiveCfg = Release|Any CPU
		{0FCA9A85-4757-4110-A294-84EF5C84BFBA}.Release|Any CPU.Build.0 = Release|Any CPU
		{C15DCFD4-3C46-4B5A-98D9-4B694919800F}.Debug|Any CPU.ActiveCfg = Debug|Any CPU
		{C15DCFD4-3C46-4B5A-98D9-4B694919800F}.Debug|Any CPU.Build.0 = Debug|Any CPU
		{C15DCFD4-3C46-4B5A-98D9-4B694919800F}.Release|Any CPU.ActiveCfg = Release|Any CPU
		{C15DCFD4-3C46-4B5A-98D9-4B694919800F}.Release|Any CPU.Build.0 = Release|Any CPU
		{D42C773B-47F0-4F6A-9DA3-9A50A96C8EA9}.Debug|Any CPU.ActiveCfg = Debug|Any CPU
		{D42C773B-47F0-4F6A-9DA3-9A50A96C8EA9}.Debug|Any CPU.Build.0 = Debug|Any CPU
		{D42C773B-47F0-4F6A-9DA3-9A50A96C8EA9}.Release|Any CPU.ActiveCfg = Release|Any CPU
		{D42C773B-47F0-4F6A-9DA3-9A50A96C8EA9}.Release|Any CPU.Build.0 = Release|Any CPU
		{971B073A-FC3B-4EAB-B92C-C53DDAC5A4A4}.Debug|Any CPU.ActiveCfg = Debug|Any CPU
		{971B073A-FC3B-4EAB-B92C-C53DDAC5A4A4}.Debug|Any CPU.Build.0 = Debug|Any CPU
		{971B073A-FC3B-4EAB-B92C-C53DDAC5A4A4}.Release|Any CPU.ActiveCfg = Release|Any CPU
		{971B073A-FC3B-4EAB-B92C-C53DDAC5A4A4}.Release|Any CPU.Build.0 = Release|Any CPU
		{6D855748-2013-4D99-9729-2B4DFA642D60}.Debug|Any CPU.ActiveCfg = Debug|Any CPU
		{6D855748-2013-4D99-9729-2B4DFA642D60}.Debug|Any CPU.Build.0 = Debug|Any CPU
		{6D855748-2013-4D99-9729-2B4DFA642D60}.Release|Any CPU.ActiveCfg = Release|Any CPU
		{6D855748-2013-4D99-9729-2B4DFA642D60}.Release|Any CPU.Build.0 = Release|Any CPU
		{399444EF-CFE5-4B44-8036-E9A194F64875}.Debug|Any CPU.ActiveCfg = Debug|Any CPU
		{399444EF-CFE5-4B44-8036-E9A194F64875}.Debug|Any CPU.Build.0 = Debug|Any CPU
		{399444EF-CFE5-4B44-8036-E9A194F64875}.Release|Any CPU.ActiveCfg = Release|Any CPU
		{399444EF-CFE5-4B44-8036-E9A194F64875}.Release|Any CPU.Build.0 = Release|Any CPU
		{0CF596B7-5451-45E9-923C-DC0648D57E29}.Debug|Any CPU.ActiveCfg = Debug|Any CPU
		{0CF596B7-5451-45E9-923C-DC0648D57E29}.Debug|Any CPU.Build.0 = Debug|Any CPU
		{0CF596B7-5451-45E9-923C-DC0648D57E29}.Release|Any CPU.ActiveCfg = Release|Any CPU
		{0CF596B7-5451-45E9-923C-DC0648D57E29}.Release|Any CPU.Build.0 = Release|Any CPU
		{C7A6B257-750E-43FC-B66D-F40F47F92E36}.Debug|Any CPU.ActiveCfg = Debug|Any CPU
		{C7A6B257-750E-43FC-B66D-F40F47F92E36}.Debug|Any CPU.Build.0 = Debug|Any CPU
		{C7A6B257-750E-43FC-B66D-F40F47F92E36}.Release|Any CPU.ActiveCfg = Release|Any CPU
		{C7A6B257-750E-43FC-B66D-F40F47F92E36}.Release|Any CPU.Build.0 = Release|Any CPU
		{BDA32CD3-E146-430C-A040-AB66CD8F5B48}.Debug|Any CPU.ActiveCfg = Debug|Any CPU
		{BDA32CD3-E146-430C-A040-AB66CD8F5B48}.Debug|Any CPU.Build.0 = Debug|Any CPU
		{BDA32CD3-E146-430C-A040-AB66CD8F5B48}.Release|Any CPU.ActiveCfg = Release|Any CPU
		{BDA32CD3-E146-430C-A040-AB66CD8F5B48}.Release|Any CPU.Build.0 = Release|Any CPU
		{8C529C55-1A70-456A-A732-D55CCA6EAFED}.Debug|Any CPU.ActiveCfg = Debug|Any CPU
		{8C529C55-1A70-456A-A732-D55CCA6EAFED}.Debug|Any CPU.Build.0 = Debug|Any CPU
		{8C529C55-1A70-456A-A732-D55CCA6EAFED}.Release|Any CPU.ActiveCfg = Release|Any CPU
		{8C529C55-1A70-456A-A732-D55CCA6EAFED}.Release|Any CPU.Build.0 = Release|Any CPU
		{E469B747-7328-49C5-9669-DAB0894BE22B}.Debug|Any CPU.ActiveCfg = Debug|Any CPU
		{E469B747-7328-49C5-9669-DAB0894BE22B}.Debug|Any CPU.Build.0 = Debug|Any CPU
		{E469B747-7328-49C5-9669-DAB0894BE22B}.Release|Any CPU.ActiveCfg = Release|Any CPU
		{E469B747-7328-49C5-9669-DAB0894BE22B}.Release|Any CPU.Build.0 = Release|Any CPU
		{58FBEF0D-1376-4891-9314-A0ED531EA2A3}.Debug|Any CPU.ActiveCfg = Debug|Any CPU
		{58FBEF0D-1376-4891-9314-A0ED531EA2A3}.Debug|Any CPU.Build.0 = Debug|Any CPU
		{58FBEF0D-1376-4891-9314-A0ED531EA2A3}.Release|Any CPU.ActiveCfg = Release|Any CPU
		{58FBEF0D-1376-4891-9314-A0ED531EA2A3}.Release|Any CPU.Build.0 = Release|Any CPU
		{4210C976-FF7F-4E28-98B9-997C33C9857B}.Debug|Any CPU.ActiveCfg = Debug|Any CPU
		{4210C976-FF7F-4E28-98B9-997C33C9857B}.Debug|Any CPU.Build.0 = Debug|Any CPU
		{4210C976-FF7F-4E28-98B9-997C33C9857B}.Release|Any CPU.ActiveCfg = Release|Any CPU
		{4210C976-FF7F-4E28-98B9-997C33C9857B}.Release|Any CPU.Build.0 = Release|Any CPU
		{EA1EB815-10E7-469E-AB03-7C0A6A52FE72}.Debug|Any CPU.ActiveCfg = Debug|Any CPU
		{EA1EB815-10E7-469E-AB03-7C0A6A52FE72}.Debug|Any CPU.Build.0 = Debug|Any CPU
		{EA1EB815-10E7-469E-AB03-7C0A6A52FE72}.Release|Any CPU.ActiveCfg = Release|Any CPU
		{EA1EB815-10E7-469E-AB03-7C0A6A52FE72}.Release|Any CPU.Build.0 = Release|Any CPU
		{6465D961-C3B1-43BD-A1FF-701E6C7050A0}.Debug|Any CPU.ActiveCfg = Debug|Any CPU
		{6465D961-C3B1-43BD-A1FF-701E6C7050A0}.Debug|Any CPU.Build.0 = Debug|Any CPU
		{6465D961-C3B1-43BD-A1FF-701E6C7050A0}.Release|Any CPU.ActiveCfg = Release|Any CPU
		{6465D961-C3B1-43BD-A1FF-701E6C7050A0}.Release|Any CPU.Build.0 = Release|Any CPU
		{754CD505-75F3-4598-A730-19FDCE05C5A7}.Debug|Any CPU.ActiveCfg = Debug|Any CPU
		{754CD505-75F3-4598-A730-19FDCE05C5A7}.Debug|Any CPU.Build.0 = Debug|Any CPU
		{754CD505-75F3-4598-A730-19FDCE05C5A7}.Release|Any CPU.ActiveCfg = Release|Any CPU
		{754CD505-75F3-4598-A730-19FDCE05C5A7}.Release|Any CPU.Build.0 = Release|Any CPU
		{4CD53EC2-F39E-45DC-8AD9-34C2BE1AE5AD}.Debug|Any CPU.ActiveCfg = Debug|Any CPU
		{4CD53EC2-F39E-45DC-8AD9-34C2BE1AE5AD}.Debug|Any CPU.Build.0 = Debug|Any CPU
		{4CD53EC2-F39E-45DC-8AD9-34C2BE1AE5AD}.Release|Any CPU.ActiveCfg = Release|Any CPU
		{4CD53EC2-F39E-45DC-8AD9-34C2BE1AE5AD}.Release|Any CPU.Build.0 = Release|Any CPU
		{65AA4BEB-9679-4EBC-A727-688CF4623E6B}.Debug|Any CPU.ActiveCfg = Debug|Any CPU
		{65AA4BEB-9679-4EBC-A727-688CF4623E6B}.Debug|Any CPU.Build.0 = Debug|Any CPU
		{65AA4BEB-9679-4EBC-A727-688CF4623E6B}.Release|Any CPU.ActiveCfg = Release|Any CPU
		{65AA4BEB-9679-4EBC-A727-688CF4623E6B}.Release|Any CPU.Build.0 = Release|Any CPU
		{F76FEE52-36F3-416E-A5B8-09146922148B}.Debug|Any CPU.ActiveCfg = Debug|Any CPU
		{F76FEE52-36F3-416E-A5B8-09146922148B}.Debug|Any CPU.Build.0 = Debug|Any CPU
		{F76FEE52-36F3-416E-A5B8-09146922148B}.Release|Any CPU.ActiveCfg = Release|Any CPU
		{F76FEE52-36F3-416E-A5B8-09146922148B}.Release|Any CPU.Build.0 = Release|Any CPU
		{3BCD6464-4CE1-47E1-8BA2-89C9BF7E1141}.Debug|Any CPU.ActiveCfg = Debug|Any CPU
		{3BCD6464-4CE1-47E1-8BA2-89C9BF7E1141}.Debug|Any CPU.Build.0 = Debug|Any CPU
		{3BCD6464-4CE1-47E1-8BA2-89C9BF7E1141}.Release|Any CPU.ActiveCfg = Release|Any CPU
		{3BCD6464-4CE1-47E1-8BA2-89C9BF7E1141}.Release|Any CPU.Build.0 = Release|Any CPU
		{1B574943-230B-4116-878F-ACA4FF2FABA5}.Debug|Any CPU.ActiveCfg = Debug|Any CPU
		{1B574943-230B-4116-878F-ACA4FF2FABA5}.Debug|Any CPU.Build.0 = Debug|Any CPU
		{1B574943-230B-4116-878F-ACA4FF2FABA5}.Release|Any CPU.ActiveCfg = Release|Any CPU
		{1B574943-230B-4116-878F-ACA4FF2FABA5}.Release|Any CPU.Build.0 = Release|Any CPU
		{760FB75F-5AC1-449B-A519-75F1F1574C92}.Debug|Any CPU.ActiveCfg = Debug|Any CPU
		{760FB75F-5AC1-449B-A519-75F1F1574C92}.Debug|Any CPU.Build.0 = Debug|Any CPU
		{760FB75F-5AC1-449B-A519-75F1F1574C92}.Release|Any CPU.ActiveCfg = Release|Any CPU
		{760FB75F-5AC1-449B-A519-75F1F1574C92}.Release|Any CPU.Build.0 = Release|Any CPU
		{AB07006F-74D6-4D84-B871-4961BC4171D1}.Debug|Any CPU.ActiveCfg = Debug|Any CPU
		{AB07006F-74D6-4D84-B871-4961BC4171D1}.Debug|Any CPU.Build.0 = Debug|Any CPU
		{AB07006F-74D6-4D84-B871-4961BC4171D1}.Release|Any CPU.ActiveCfg = Release|Any CPU
		{AB07006F-74D6-4D84-B871-4961BC4171D1}.Release|Any CPU.Build.0 = Release|Any CPU
	EndGlobalSection
	GlobalSection(SolutionProperties) = preSolution
		HideSolutionNode = FALSE
	EndGlobalSection
	GlobalSection(NestedProjects) = preSolution
		{BED32092-E1D5-4C94-8B16-086F5469FF37} = {743A532A-4A83-40EC-964B-2D39DBA0B7F3}
		{9CDC95A2-762C-4E17-BB50-D58FC974CB83} = {743A532A-4A83-40EC-964B-2D39DBA0B7F3}
		{97A8D739-2D3A-4894-A131-5A895FC98931} = {743A532A-4A83-40EC-964B-2D39DBA0B7F3}
		{85DBB70C-3660-4147-AF22-83D2AFA1EFD6} = {EF774DC4-BAD0-4F87-8D9D-E69EA0BA4CC7}
		{94BC0BFC-76AA-46FF-BE27-EB7ABB342280} = {01D8362E-3854-4C96-8FE7-A71EA1C003EF}
		{338C6C5F-4AE9-41FF-A6D6-7778FBB1E3DB} = {743A532A-4A83-40EC-964B-2D39DBA0B7F3}
		{7E970569-125A-47B2-A2CE-F813AA8A4935} = {386B792A-6B86-4455-8854-93602E7B740E}
		{B5A0F954-13A6-4276-826B-D6B1E4FD28A8} = {338C6C5F-4AE9-41FF-A6D6-7778FBB1E3DB}
		{1AAC42EB-E284-436E-9B6A-82D771D5436A} = {338C6C5F-4AE9-41FF-A6D6-7778FBB1E3DB}
		{3273CC47-C37C-493F-8443-2A7247B501DF} = {338C6C5F-4AE9-41FF-A6D6-7778FBB1E3DB}
		{0FCA9A85-4757-4110-A294-84EF5C84BFBA} = {338C6C5F-4AE9-41FF-A6D6-7778FBB1E3DB}
		{C15DCFD4-3C46-4B5A-98D9-4B694919800F} = {743A532A-4A83-40EC-964B-2D39DBA0B7F3}
		{D42C773B-47F0-4F6A-9DA3-9A50A96C8EA9} = {338C6C5F-4AE9-41FF-A6D6-7778FBB1E3DB}
		{971B073A-FC3B-4EAB-B92C-C53DDAC5A4A4} = {EF774DC4-BAD0-4F87-8D9D-E69EA0BA4CC7}
		{6D855748-2013-4D99-9729-2B4DFA642D60} = {EF774DC4-BAD0-4F87-8D9D-E69EA0BA4CC7}
		{399444EF-CFE5-4B44-8036-E9A194F64875} = {EF774DC4-BAD0-4F87-8D9D-E69EA0BA4CC7}
		{0CF596B7-5451-45E9-923C-DC0648D57E29} = {EF774DC4-BAD0-4F87-8D9D-E69EA0BA4CC7}
		{C7A6B257-750E-43FC-B66D-F40F47F92E36} = {EF774DC4-BAD0-4F87-8D9D-E69EA0BA4CC7}
		{FE3118A3-FE22-403B-8082-39F761BD646C} = {EF774DC4-BAD0-4F87-8D9D-E69EA0BA4CC7}
		{BDA32CD3-E146-430C-A040-AB66CD8F5B48} = {FE3118A3-FE22-403B-8082-39F761BD646C}
		{8C529C55-1A70-456A-A732-D55CCA6EAFED} = {FE3118A3-FE22-403B-8082-39F761BD646C}
		{E469B747-7328-49C5-9669-DAB0894BE22B} = {EF774DC4-BAD0-4F87-8D9D-E69EA0BA4CC7}
		{6BBEFF37-54A9-412D-88EA-6F046779687B} = {EF774DC4-BAD0-4F87-8D9D-E69EA0BA4CC7}
		{58FBEF0D-1376-4891-9314-A0ED531EA2A3} = {6BBEFF37-54A9-412D-88EA-6F046779687B}
		{4210C976-FF7F-4E28-98B9-997C33C9857B} = {743A532A-4A83-40EC-964B-2D39DBA0B7F3}
		{EA1EB815-10E7-469E-AB03-7C0A6A52FE72} = {EF774DC4-BAD0-4F87-8D9D-E69EA0BA4CC7}
		{6465D961-C3B1-43BD-A1FF-701E6C7050A0} = {EF774DC4-BAD0-4F87-8D9D-E69EA0BA4CC7}
		{754CD505-75F3-4598-A730-19FDCE05C5A7} = {E48365BE-709F-435A-8C29-B34920C14AFC}
		{4CD53EC2-F39E-45DC-8AD9-34C2BE1AE5AD} = {E48365BE-709F-435A-8C29-B34920C14AFC}
		{65AA4BEB-9679-4EBC-A727-688CF4623E6B} = {E48365BE-709F-435A-8C29-B34920C14AFC}
		{F76FEE52-36F3-416E-A5B8-09146922148B} = {386B792A-6B86-4455-8854-93602E7B740E}
		{3BCD6464-4CE1-47E1-8BA2-89C9BF7E1141} = {FE3118A3-FE22-403B-8082-39F761BD646C}
		{1B574943-230B-4116-878F-ACA4FF2FABA5} = {E48365BE-709F-435A-8C29-B34920C14AFC}
		{760FB75F-5AC1-449B-A519-75F1F1574C92} = {EF774DC4-BAD0-4F87-8D9D-E69EA0BA4CC7}
		{AB07006F-74D6-4D84-B871-4961BC4171D1} = {EF774DC4-BAD0-4F87-8D9D-E69EA0BA4CC7}
	EndGlobalSection
	GlobalSection(ExtensibilityGlobals) = postSolution
		SolutionGuid = {3F89FD54-7353-4650-BFEA-5B082EF9F30C}
	EndGlobalSection
EndGlobal
